
Microsoft Visual Studio Solution File, Format Version 12.00
# Visual Studio Version 17
VisualStudioVersion = 17.7.33927.210
MinimumVisualStudioVersion = 10.0.40219.1
Project("{2150E333-8FDC-42A3-9474-1A3956D46DE8}") = "Solution Items", "Solution Items", "{5B1AFA6B-8891-474C-876A-F1FED5BBE92F}"
	ProjectSection(SolutionItems) = preProject
		.gitignore = .gitignore
		README.md = README.md
	EndProjectSection
EndProject
Project("{2150E333-8FDC-42A3-9474-1A3956D46DE8}") = "src", "src", "{34E685A9-394C-43F0-BC31-6116B85D9E6D}"
EndProject
Project("{9A19103F-16F7-4668-BE54-9A1E7A4F7556}") = "Countries.ApplicationCore", "src\Countries.ApplicationCore\Countries.ApplicationCore.csproj", "{DEEA10E7-C243-43F5-94D7-D7BF066769CB}"
EndProject
Project("{9A19103F-16F7-4668-BE54-9A1E7A4F7556}") = "Countries.Data", "src\Countries.Data\Countries.Data.csproj", "{8F118EA7-E7E6-4FFF-B9C7-748825ABF7FD}"
EndProject
Project("{9A19103F-16F7-4668-BE54-9A1E7A4F7556}") = "Countries.Business", "src\Countries.Business\Countries.Business.csproj", "{72D57A35-B9DE-4C90-A229-E37215F9C70E}"
EndProject
Project("{9A19103F-16F7-4668-BE54-9A1E7A4F7556}") = "Countries.Persistence", "src\Countries.Persistence\Countries.Persistence.csproj", "{20E09502-CA56-417C-A46A-8D7A607FC94E}"
EndProject
Project("{9A19103F-16F7-4668-BE54-9A1E7A4F7556}") = "Countries.Repositories", "src\Countries.Repositories\Countries.Repositories.csproj", "{F3B4F974-FA8F-4131-85AA-C50390856DCE}"
EndProject
Project("{FAE04EC0-301F-11D3-BF4B-00C04F79EFBC}") = "Countries.API", "src\Countries.API\Countries.API.csproj", "{101EC4BF-ACD3-4B4C-9044-2EF18B89E688}"
EndProject
Global
	GlobalSection(SolutionConfigurationPlatforms) = preSolution
		Debug|Any CPU = Debug|Any CPU
		Release|Any CPU = Release|Any CPU
	EndGlobalSection
	GlobalSection(ProjectConfigurationPlatforms) = postSolution
		{DEEA10E7-C243-43F5-94D7-D7BF066769CB}.Debug|Any CPU.ActiveCfg = Debug|Any CPU
		{DEEA10E7-C243-43F5-94D7-D7BF066769CB}.Debug|Any CPU.Build.0 = Debug|Any CPU
		{DEEA10E7-C243-43F5-94D7-D7BF066769CB}.Release|Any CPU.ActiveCfg = Release|Any CPU
		{DEEA10E7-C243-43F5-94D7-D7BF066769CB}.Release|Any CPU.Build.0 = Release|Any CPU
		{8F118EA7-E7E6-4FFF-B9C7-748825ABF7FD}.Debug|Any CPU.ActiveCfg = Debug|Any CPU
		{8F118EA7-E7E6-4FFF-B9C7-748825ABF7FD}.Debug|Any CPU.Build.0 = Debug|Any CPU
		{8F118EA7-E7E6-4FFF-B9C7-748825ABF7FD}.Release|Any CPU.ActiveCfg = Release|Any CPU
		{8F118EA7-E7E6-4FFF-B9C7-748825ABF7FD}.Release|Any CPU.Build.0 = Release|Any CPU
		{72D57A35-B9DE-4C90-A229-E37215F9C70E}.Debug|Any CPU.ActiveCfg = Debug|Any CPU
		{72D57A35-B9DE-4C90-A229-E37215F9C70E}.Debug|Any CPU.Build.0 = Debug|Any CPU
		{72D57A35-B9DE-4C90-A229-E37215F9C70E}.Release|Any CPU.ActiveCfg = Release|Any CPU
		{72D57A35-B9DE-4C90-A229-E37215F9C70E}.Release|Any CPU.Build.0 = Release|Any CPU
		{20E09502-CA56-417C-A46A-8D7A607FC94E}.Debug|Any CPU.ActiveCfg = Debug|Any CPU
		{20E09502-CA56-417C-A46A-8D7A607FC94E}.Debug|Any CPU.Build.0 = Debug|Any CPU
		{20E09502-CA56-417C-A46A-8D7A607FC94E}.Release|Any CPU.ActiveCfg = Release|Any CPU
		{20E09502-CA56-417C-A46A-8D7A607FC94E}.Release|Any CPU.Build.0 = Release|Any CPU
		{F3B4F974-FA8F-4131-85AA-C50390856DCE}.Debug|Any CPU.ActiveCfg = Debug|Any CPU
		{F3B4F974-FA8F-4131-85AA-C50390856DCE}.Debug|Any CPU.Build.0 = Debug|Any CPU
		{F3B4F974-FA8F-4131-85AA-C50390856DCE}.Release|Any CPU.ActiveCfg = Release|Any CPU
		{F3B4F974-FA8F-4131-85AA-C50390856DCE}.Release|Any CPU.Build.0 = Release|Any CPU
		{101EC4BF-ACD3-4B4C-9044-2EF18B89E688}.Debug|Any CPU.ActiveCfg = Debug|Any CPU
		{101EC4BF-ACD3-4B4C-9044-2EF18B89E688}.Debug|Any CPU.Build.0 = Debug|Any CPU
		{101EC4BF-ACD3-4B4C-9044-2EF18B89E688}.Release|Any CPU.ActiveCfg = Release|Any CPU
		{101EC4BF-ACD3-4B4C-9044-2EF18B89E688}.Release|Any CPU.Build.0 = Release|Any CPU
	EndGlobalSection
	GlobalSection(SolutionProperties) = preSolution
		HideSolutionNode = FALSE
	EndGlobalSection
	GlobalSection(NestedProjects) = preSolution
		{DEEA10E7-C243-43F5-94D7-D7BF066769CB} = {34E685A9-394C-43F0-BC31-6116B85D9E6D}
		{8F118EA7-E7E6-4FFF-B9C7-748825ABF7FD} = {34E685A9-394C-43F0-BC31-6116B85D9E6D}
		{72D57A35-B9DE-4C90-A229-E37215F9C70E} = {34E685A9-394C-43F0-BC31-6116B85D9E6D}
		{20E09502-CA56-417C-A46A-8D7A607FC94E} = {34E685A9-394C-43F0-BC31-6116B85D9E6D}
		{F3B4F974-FA8F-4131-85AA-C50390856DCE} = {34E685A9-394C-43F0-BC31-6116B85D9E6D}
		{101EC4BF-ACD3-4B4C-9044-2EF18B89E688} = {34E685A9-394C-43F0-BC31-6116B85D9E6D}
	EndGlobalSection
	GlobalSection(ExtensibilityGlobals) = postSolution
		SolutionGuid = {408F98D5-3493-42C1-866E-D1B6D5E1BC0C}
	EndGlobalSection
EndGlobal
